
Microsoft Visual Studio Solution File, Format Version 12.00
# Visual Studio Version 16
VisualStudioVersion = 16.0.29911.84
MinimumVisualStudioVersion = 10.0.40219.1
Project("{FAE04EC0-301F-11D3-BF4B-00C04F79EFBC}") = "EnumComparedByEqualsAnalyzer", "EnumComparedByEqualsAnalyzer\EnumComparedByEqualsAnalyzer\EnumComparedByEqualsAnalyzer.csproj", "{E006455E-430F-45C8-A806-F7B70CADE6A8}"
EndProject
Project("{FAE04EC0-301F-11D3-BF4B-00C04F79EFBC}") = "EnumComparedByEqualsAnalyzer.Test", "EnumComparedByEqualsAnalyzer\EnumComparedByEqualsAnalyzer.Test\EnumComparedByEqualsAnalyzer.Test.csproj", "{2A828831-0651-4FF1-B2E7-C3D63C67034C}"
EndProject
Project("{FAE04EC0-301F-11D3-BF4B-00C04F79EFBC}") = "EnumComparedByEqualsAnalyzer.Vsix", "EnumComparedByEqualsAnalyzer\EnumComparedByEqualsAnalyzer.Vsix\EnumComparedByEqualsAnalyzer.Vsix.csproj", "{8925981A-36B8-469C-99FC-67FD9C4E21CE}"
EndProject
Global
	GlobalSection(SolutionConfigurationPlatforms) = preSolution
		Debug|Any CPU = Debug|Any CPU
		Release|Any CPU = Release|Any CPU
	EndGlobalSection
	GlobalSection(ProjectConfigurationPlatforms) = postSolution
		{E006455E-430F-45C8-A806-F7B70CADE6A8}.Debug|Any CPU.ActiveCfg = Debug|Any CPU
		{E006455E-430F-45C8-A806-F7B70CADE6A8}.Debug|Any CPU.Build.0 = Debug|Any CPU
		{E006455E-430F-45C8-A806-F7B70CADE6A8}.Release|Any CPU.ActiveCfg = Release|Any CPU
		{E006455E-430F-45C8-A806-F7B70CADE6A8}.Release|Any CPU.Build.0 = Release|Any CPU
		{2A828831-0651-4FF1-B2E7-C3D63C67034C}.Debug|Any CPU.ActiveCfg = Debug|Any CPU
		{2A828831-0651-4FF1-B2E7-C3D63C67034C}.Debug|Any CPU.Build.0 = Debug|Any CPU
		{2A828831-0651-4FF1-B2E7-C3D63C67034C}.Release|Any CPU.ActiveCfg = Release|Any CPU
		{2A828831-0651-4FF1-B2E7-C3D63C67034C}.Release|Any CPU.Build.0 = Release|Any CPU
		{8925981A-36B8-469C-99FC-67FD9C4E21CE}.Debug|Any CPU.ActiveCfg = Debug|Any CPU
		{8925981A-36B8-469C-99FC-67FD9C4E21CE}.Debug|Any CPU.Build.0 = Debug|Any CPU
		{8925981A-36B8-469C-99FC-67FD9C4E21CE}.Release|Any CPU.ActiveCfg = Release|Any CPU
		{8925981A-36B8-469C-99FC-67FD9C4E21CE}.Release|Any CPU.Build.0 = Release|Any CPU
	EndGlobalSection
	GlobalSection(SolutionProperties) = preSolution
		HideSolutionNode = FALSE
	EndGlobalSection
	GlobalSection(ExtensibilityGlobals) = postSolution
		SolutionGuid = {4F4A6CB3-5BCE-440E-8AE7-B7BFE45475E1}
	EndGlobalSection
EndGlobal
